
Microsoft Visual Studio Solution File, Format Version 12.00
# Visual Studio Version 16
VisualStudioVersion = 16.0.30621.155
MinimumVisualStudioVersion = 10.0.40219.1
Project("{9A19103F-16F7-4668-BE54-9A1E7A4F7556}") = "Sudoku_", "Sudoku_\Sudoku_.csproj", "{16BBD181-ABA1-4E7D-AB28-342542A4FE2E}"
EndProject
Project("{FAE04EC0-301F-11D3-BF4B-00C04F79EFBC}") = "NUnitTest", "NUnitTest\NUnitTest.csproj", "{F9CC6A7A-5239-4A88-BD0A-0EDEF004CFA4}"
EndProject
Global
	GlobalSection(SolutionConfigurationPlatforms) = preSolution
		Debug|Any CPU = Debug|Any CPU
		Release|Any CPU = Release|Any CPU
	EndGlobalSection
	GlobalSection(ProjectConfigurationPlatforms) = postSolution
		{16BBD181-ABA1-4E7D-AB28-342542A4FE2E}.Debug|Any CPU.ActiveCfg = Debug|Any CPU
		{16BBD181-ABA1-4E7D-AB28-342542A4FE2E}.Debug|Any CPU.Build.0 = Debug|Any CPU
		{16BBD181-ABA1-4E7D-AB28-342542A4FE2E}.Release|Any CPU.ActiveCfg = Release|Any CPU
		{16BBD181-ABA1-4E7D-AB28-342542A4FE2E}.Release|Any CPU.Build.0 = Release|Any CPU
		{F9CC6A7A-5239-4A88-BD0A-0EDEF004CFA4}.Debug|Any CPU.ActiveCfg = Debug|Any CPU
		{F9CC6A7A-5239-4A88-BD0A-0EDEF004CFA4}.Debug|Any CPU.Build.0 = Debug|Any CPU
		{F9CC6A7A-5239-4A88-BD0A-0EDEF004CFA4}.Release|Any CPU.ActiveCfg = Release|Any CPU
		{F9CC6A7A-5239-4A88-BD0A-0EDEF004CFA4}.Release|Any CPU.Build.0 = Release|Any CPU
	EndGlobalSection
	GlobalSection(SolutionProperties) = preSolution
		HideSolutionNode = FALSE
	EndGlobalSection
	GlobalSection(ExtensibilityGlobals) = postSolution
		SolutionGuid = {03A19062-CD17-4AA2-BB56-3F9221263136}
	EndGlobalSection
EndGlobal
